
Microsoft Visual Studio Solution File, Format Version 12.00
# Visual Studio Version 16
VisualStudioVersion = 25.0.1706.12
MinimumVisualStudioVersion = 10.0.40219.1
Project("{FAE04EC0-301F-11D3-BF4B-00C04F79EFBC}") = "BAL", "BAL\BAL.csproj", "{F2E710A7-02EA-454D-B419-C65B353388CC}"
EndProject
Project("{FAE04EC0-301F-11D3-BF4B-00C04F79EFBC}") = "DAL", "DAL\DAL.csproj", "{1CF18467-5A9D-464C-98F4-FDDDCC76E308}"
EndProject
Project("{FAE04EC0-301F-11D3-BF4B-00C04F79EFBC}") = "API", "API\API.csproj", "{CA3C7786-3222-4819-8B23-A9B44F3CFF6A}"
EndProject
Global
	GlobalSection(SolutionConfigurationPlatforms) = preSolution
		Debug|Any CPU = Debug|Any CPU
		Release|Any CPU = Release|Any CPU
	EndGlobalSection
	GlobalSection(ProjectConfigurationPlatforms) = postSolution
		{F2E710A7-02EA-454D-B419-C65B353388CC}.Debug|Any CPU.ActiveCfg = Debug|Any CPU
		{F2E710A7-02EA-454D-B419-C65B353388CC}.Debug|Any CPU.Build.0 = Debug|Any CPU
		{F2E710A7-02EA-454D-B419-C65B353388CC}.Release|Any CPU.ActiveCfg = Release|Any CPU
		{F2E710A7-02EA-454D-B419-C65B353388CC}.Release|Any CPU.Build.0 = Release|Any CPU
		{1CF18467-5A9D-464C-98F4-FDDDCC76E308}.Debug|Any CPU.ActiveCfg = Debug|Any CPU
		{1CF18467-5A9D-464C-98F4-FDDDCC76E308}.Debug|Any CPU.Build.0 = Debug|Any CPU
		{1CF18467-5A9D-464C-98F4-FDDDCC76E308}.Release|Any CPU.ActiveCfg = Release|Any CPU
		{1CF18467-5A9D-464C-98F4-FDDDCC76E308}.Release|Any CPU.Build.0 = Release|Any CPU
		{CA3C7786-3222-4819-8B23-A9B44F3CFF6A}.Debug|Any CPU.ActiveCfg = Debug|Any CPU
		{CA3C7786-3222-4819-8B23-A9B44F3CFF6A}.Debug|Any CPU.Build.0 = Debug|Any CPU
		{CA3C7786-3222-4819-8B23-A9B44F3CFF6A}.Release|Any CPU.ActiveCfg = Release|Any CPU
		{CA3C7786-3222-4819-8B23-A9B44F3CFF6A}.Release|Any CPU.Build.0 = Release|Any CPU
	EndGlobalSection
	GlobalSection(SolutionProperties) = preSolution
		HideSolutionNode = FALSE
	EndGlobalSection
	GlobalSection(ExtensibilityGlobals) = postSolution
		SolutionGuid = {FEE85E1F-3C5F-4F0D-9199-231E0434B54D}
	EndGlobalSection
EndGlobal
